{
  "object": {
    "pins": [
      {
        "package": "Authentication",
        "repositoryURL": "https://github.com/Car-Swaddle/Authentication.git",
        "state": {
          "branch": null,
          "revision": "97d02cf8334ae4d3a61c717d2acd802cc5df8cdf",
          "version": "1.2.0"
        }
      },
      {
        "package": "KeychainAccess",
        "repositoryURL": "https://github.com/kishikawakatsumi/KeychainAccess.git",
        "state": {
          "branch": null,
          "revision": "654d52d30f3dd4592e944c3e0bccb53178c992f6",
          "version": "4.2.1"
        }
      },
      {
        "package": "NetworkRequest",
        "repositoryURL": "https://github.com/Car-Swaddle/NetworkRequest.git",
        "state": {
          "branch": null,
          "revision": "f146efcf6d0b6b877806b4cd8c04d58f53b3161b",
          "version": "1.1.0"
        }
      }
    ]
  },
  "version": 1
}
