// !$*UTF8*$!
{
	archiveVersion = 1;
	classes = {
	};
	objectVersion = 52;
	objects = {

/* Begin PBXBuildFile section */
		994224CD2514A86000FF40B0 /* Authentication in Frameworks */ = {isa = PBXBuildFile; productRef = 994224CC2514A86000FF40B0 /* Authentication */; };
		998B760A2661936B00FE4C02 /* AutoService.swift in Sources */ = {isa = PBXBuildFile; fileRef = 998B75F02661936A00FE4C02 /* AutoService.swift */; };
		998B760B2661936B00FE4C02 /* PayStructure.swift in Sources */ = {isa = PBXBuildFile; fileRef = 998B75F12661936A00FE4C02 /* PayStructure.swift */; };
		998B760C2661936B00FE4C02 /* BankAccount.swift in Sources */ = {isa = PBXBuildFile; fileRef = 998B75F22661936A00FE4C02 /* BankAccount.swift */; };
		998B760D2661936B00FE4C02 /* Referrer.swift in Sources */ = {isa = PBXBuildFile; fileRef = 998B75F32661936A00FE4C02 /* Referrer.swift */; };
		998B760E2661936B00FE4C02 /* Verification.swift in Sources */ = {isa = PBXBuildFile; fileRef = 998B75F42661936A00FE4C02 /* Verification.swift */; };
		998B760F2661936B00FE4C02 /* TemplateTimeSpan.swift in Sources */ = {isa = PBXBuildFile; fileRef = 998B75F52661936A00FE4C02 /* TemplateTimeSpan.swift */; };
		998B76102661936B00FE4C02 /* Stats.swift in Sources */ = {isa = PBXBuildFile; fileRef = 998B75F62661936A00FE4C02 /* Stats.swift */; };
		998B76112661936B00FE4C02 /* Payout.swift in Sources */ = {isa = PBXBuildFile; fileRef = 998B75F72661936A00FE4C02 /* Payout.swift */; };
		998B76122661936B00FE4C02 /* TransactionMetadata.swift in Sources */ = {isa = PBXBuildFile; fileRef = 998B75F82661936A00FE4C02 /* TransactionMetadata.swift */; };
		998B76132661936B00FE4C02 /* OilChangePricing.swift in Sources */ = {isa = PBXBuildFile; fileRef = 998B75F92661936A00FE4C02 /* OilChangePricing.swift */; };
		998B76142661936B00FE4C02 /* Region.swift in Sources */ = {isa = PBXBuildFile; fileRef = 998B75FA2661936A00FE4C02 /* Region.swift */; };
		998B76152661936B00FE4C02 /* Review.swift in Sources */ = {isa = PBXBuildFile; fileRef = 998B75FB2661936A00FE4C02 /* Review.swift */; };
		998B76162661936B00FE4C02 /* Mechanic.swift in Sources */ = {isa = PBXBuildFile; fileRef = 998B75FC2661936A00FE4C02 /* Mechanic.swift */; };
		998B76172661936B00FE4C02 /* Vehicle.swift in Sources */ = {isa = PBXBuildFile; fileRef = 998B75FD2661936A00FE4C02 /* Vehicle.swift */; };
		998B76182661936B00FE4C02 /* User.swift in Sources */ = {isa = PBXBuildFile; fileRef = 998B75FE2661936A00FE4C02 /* User.swift */; };
		998B76192661936B00FE4C02 /* Address.swift in Sources */ = {isa = PBXBuildFile; fileRef = 998B75FF2661936A00FE4C02 /* Address.swift */; };
		998B761A2661936B00FE4C02 /* Transaction.swift in Sources */ = {isa = PBXBuildFile; fileRef = 998B76002661936A00FE4C02 /* Transaction.swift */; };
		998B761B2661936B00FE4C02 /* VehicleDescription.swift in Sources */ = {isa = PBXBuildFile; fileRef = 998B76012661936A00FE4C02 /* VehicleDescription.swift */; };
		998B761C2661936B00FE4C02 /* UpdateUser.swift in Sources */ = {isa = PBXBuildFile; fileRef = 998B76022661936A00FE4C02 /* UpdateUser.swift */; };
		998B761D2661936B00FE4C02 /* AutoServiceLocation.swift in Sources */ = {isa = PBXBuildFile; fileRef = 998B76032661936A00FE4C02 /* AutoServiceLocation.swift */; };
		998B761E2661936B00FE4C02 /* TransactionReceipt.swift in Sources */ = {isa = PBXBuildFile; fileRef = 998B76042661936B00FE4C02 /* TransactionReceipt.swift */; };
		998B761F2661936B00FE4C02 /* ServiceEntity.swift in Sources */ = {isa = PBXBuildFile; fileRef = 998B76052661936B00FE4C02 /* ServiceEntity.swift */; };
		998B76202661936B00FE4C02 /* TaxInfo.swift in Sources */ = {isa = PBXBuildFile; fileRef = 998B76062661936B00FE4C02 /* TaxInfo.swift */; };
		998B76212661936B00FE4C02 /* Balance.swift in Sources */ = {isa = PBXBuildFile; fileRef = 998B76072661936B00FE4C02 /* Balance.swift */; };
		998B76222661936B00FE4C02 /* Amount.swift in Sources */ = {isa = PBXBuildFile; fileRef = 998B76082661936B00FE4C02 /* Amount.swift */; };
		998B76232661936B00FE4C02 /* OilChange.swift in Sources */ = {isa = PBXBuildFile; fileRef = 998B76092661936B00FE4C02 /* OilChange.swift */; };
		998B7625266193C000FE4C02 /* URLRequestAuthentication.swift in Sources */ = {isa = PBXBuildFile; fileRef = 998B7624266193C000FE4C02 /* URLRequestAuthentication.swift */; };
		99B5F76C2514A9ED00DF3F12 /* NetworkRequest in Frameworks */ = {isa = PBXBuildFile; productRef = 99B5F76B2514A9ED00DF3F12 /* NetworkRequest */; };
		OBJ_104 /* AuthorityTests.swift in Sources */ = {isa = PBXBuildFile; fileRef = OBJ_37 /* AuthorityTests.swift */; };
		OBJ_105 /* AutoServiceTests.swift in Sources */ = {isa = PBXBuildFile; fileRef = OBJ_38 /* AutoServiceTests.swift */; };
		OBJ_106 /* AvailabilityTests.swift in Sources */ = {isa = PBXBuildFile; fileRef = OBJ_39 /* AvailabilityTests.swift */; };
		OBJ_107 /* CarSwaddleLoginTestCase.swift in Sources */ = {isa = PBXBuildFile; fileRef = OBJ_40 /* CarSwaddleLoginTestCase.swift */; };
		OBJ_108 /* CouponService.swift in Sources */ = {isa = PBXBuildFile; fileRef = OBJ_41 /* CouponService.swift */; };
		OBJ_109 /* FileServiceTests.swift in Sources */ = {isa = PBXBuildFile; fileRef = OBJ_42 /* FileServiceTests.swift */; };
		OBJ_110 /* LoginTests.swift in Sources */ = {isa = PBXBuildFile; fileRef = OBJ_43 /* LoginTests.swift */; };
		OBJ_111 /* MechanicServiceTests.swift in Sources */ = {isa = PBXBuildFile; fileRef = OBJ_44 /* MechanicServiceTests.swift */; };
		OBJ_112 /* PriceTests.swift in Sources */ = {isa = PBXBuildFile; fileRef = OBJ_45 /* PriceTests.swift */; };
		OBJ_113 /* RegionServiceTests.swift in Sources */ = {isa = PBXBuildFile; fileRef = OBJ_46 /* RegionServiceTests.swift */; };
		OBJ_114 /* ReviewServiceTests.swift in Sources */ = {isa = PBXBuildFile; fileRef = OBJ_47 /* ReviewServiceTests.swift */; };
		OBJ_115 /* StripeServiceTests.swift in Sources */ = {isa = PBXBuildFile; fileRef = OBJ_48 /* StripeServiceTests.swift */; };
		OBJ_116 /* TaxServiceTests.swift in Sources */ = {isa = PBXBuildFile; fileRef = OBJ_49 /* TaxServiceTests.swift */; };
		OBJ_117 /* UserTests.swift in Sources */ = {isa = PBXBuildFile; fileRef = OBJ_50 /* UserTests.swift */; };
		OBJ_118 /* VehicleTests.swift in Sources */ = {isa = PBXBuildFile; fileRef = OBJ_51 /* VehicleTests.swift */; };
		OBJ_120 /* CarSwaddleNetworkRequest.framework in Frameworks */ = {isa = PBXBuildFile; fileRef = "CarSwaddleNetworkRequest::CarSwaddleNetworkRequest::Product" /* CarSwaddleNetworkRequest.framework */; };
		OBJ_66 /* BoolExtension.swift in Sources */ = {isa = PBXBuildFile; fileRef = OBJ_11 /* BoolExtension.swift */; };
		OBJ_67 /* GlobalImports.swift in Sources */ = {isa = PBXBuildFile; fileRef = OBJ_12 /* GlobalImports.swift */; };
		OBJ_69 /* NetworkRequestError.swift in Sources */ = {isa = PBXBuildFile; fileRef = OBJ_15 /* NetworkRequestError.swift */; };
		OBJ_71 /* AuthService.swift in Sources */ = {isa = PBXBuildFile; fileRef = OBJ_18 /* AuthService.swift */; };
		OBJ_72 /* AuthorityService.swift in Sources */ = {isa = PBXBuildFile; fileRef = OBJ_19 /* AuthorityService.swift */; };
		OBJ_73 /* AutoServiceService.swift in Sources */ = {isa = PBXBuildFile; fileRef = OBJ_20 /* AutoServiceService.swift */; };
		OBJ_74 /* AvailabilityService.swift in Sources */ = {isa = PBXBuildFile; fileRef = OBJ_21 /* AvailabilityService.swift */; };
		OBJ_75 /* CouponService.swift in Sources */ = {isa = PBXBuildFile; fileRef = OBJ_22 /* CouponService.swift */; };
		OBJ_76 /* FileService.swift in Sources */ = {isa = PBXBuildFile; fileRef = OBJ_23 /* FileService.swift */; };
		OBJ_77 /* MechanicService.swift in Sources */ = {isa = PBXBuildFile; fileRef = OBJ_24 /* MechanicService.swift */; };
		OBJ_78 /* PriceService.swift in Sources */ = {isa = PBXBuildFile; fileRef = OBJ_25 /* PriceService.swift */; };
		OBJ_79 /* RegionService.swift in Sources */ = {isa = PBXBuildFile; fileRef = OBJ_26 /* RegionService.swift */; };
		OBJ_80 /* ReviewService.swift in Sources */ = {isa = PBXBuildFile; fileRef = OBJ_27 /* ReviewService.swift */; };
		OBJ_81 /* Service.swift in Sources */ = {isa = PBXBuildFile; fileRef = OBJ_28 /* Service.swift */; };
		OBJ_82 /* StripeService.swift in Sources */ = {isa = PBXBuildFile; fileRef = OBJ_29 /* StripeService.swift */; };
		OBJ_83 /* TaxService.swift in Sources */ = {isa = PBXBuildFile; fileRef = OBJ_30 /* TaxService.swift */; };
		OBJ_84 /* UserService.swift in Sources */ = {isa = PBXBuildFile; fileRef = OBJ_31 /* UserService.swift */; };
		OBJ_85 /* VehicleService.swift in Sources */ = {isa = PBXBuildFile; fileRef = OBJ_32 /* VehicleService.swift */; };
		OBJ_86 /* TypeAliases.swift in Sources */ = {isa = PBXBuildFile; fileRef = OBJ_33 /* TypeAliases.swift */; };
/* End PBXBuildFile section */

/* Begin PBXContainerItemProxy section */
		994224C22514A7E700FF40B0 /* PBXContainerItemProxy */ = {
			isa = PBXContainerItemProxy;
			containerPortal = OBJ_1 /* Project object */;
			proxyType = 1;
			remoteGlobalIDString = "CarSwaddleNetworkRequest::CarSwaddleNetworkRequest";
			remoteInfo = CarSwaddleNetworkRequest;
		};
/* End PBXContainerItemProxy section */

/* Begin PBXFileReference section */
		998B75F02661936A00FE4C02 /* AutoService.swift */ = {isa = PBXFileReference; fileEncoding = 4; lastKnownFileType = sourcecode.swift; path = AutoService.swift; sourceTree = "<group>"; };
		998B75F12661936A00FE4C02 /* PayStructure.swift */ = {isa = PBXFileReference; fileEncoding = 4; lastKnownFileType = sourcecode.swift; path = PayStructure.swift; sourceTree = "<group>"; };
		998B75F22661936A00FE4C02 /* BankAccount.swift */ = {isa = PBXFileReference; fileEncoding = 4; lastKnownFileType = sourcecode.swift; path = BankAccount.swift; sourceTree = "<group>"; };
		998B75F32661936A00FE4C02 /* Referrer.swift */ = {isa = PBXFileReference; fileEncoding = 4; lastKnownFileType = sourcecode.swift; path = Referrer.swift; sourceTree = "<group>"; };
		998B75F42661936A00FE4C02 /* Verification.swift */ = {isa = PBXFileReference; fileEncoding = 4; lastKnownFileType = sourcecode.swift; path = Verification.swift; sourceTree = "<group>"; };
		998B75F52661936A00FE4C02 /* TemplateTimeSpan.swift */ = {isa = PBXFileReference; fileEncoding = 4; lastKnownFileType = sourcecode.swift; path = TemplateTimeSpan.swift; sourceTree = "<group>"; };
		998B75F62661936A00FE4C02 /* Stats.swift */ = {isa = PBXFileReference; fileEncoding = 4; lastKnownFileType = sourcecode.swift; path = Stats.swift; sourceTree = "<group>"; };
		998B75F72661936A00FE4C02 /* Payout.swift */ = {isa = PBXFileReference; fileEncoding = 4; lastKnownFileType = sourcecode.swift; path = Payout.swift; sourceTree = "<group>"; };
		998B75F82661936A00FE4C02 /* TransactionMetadata.swift */ = {isa = PBXFileReference; fileEncoding = 4; lastKnownFileType = sourcecode.swift; path = TransactionMetadata.swift; sourceTree = "<group>"; };
		998B75F92661936A00FE4C02 /* OilChangePricing.swift */ = {isa = PBXFileReference; fileEncoding = 4; lastKnownFileType = sourcecode.swift; path = OilChangePricing.swift; sourceTree = "<group>"; };
		998B75FA2661936A00FE4C02 /* Region.swift */ = {isa = PBXFileReference; fileEncoding = 4; lastKnownFileType = sourcecode.swift; path = Region.swift; sourceTree = "<group>"; };
		998B75FB2661936A00FE4C02 /* Review.swift */ = {isa = PBXFileReference; fileEncoding = 4; lastKnownFileType = sourcecode.swift; path = Review.swift; sourceTree = "<group>"; };
		998B75FC2661936A00FE4C02 /* Mechanic.swift */ = {isa = PBXFileReference; fileEncoding = 4; lastKnownFileType = sourcecode.swift; path = Mechanic.swift; sourceTree = "<group>"; };
		998B75FD2661936A00FE4C02 /* Vehicle.swift */ = {isa = PBXFileReference; fileEncoding = 4; lastKnownFileType = sourcecode.swift; path = Vehicle.swift; sourceTree = "<group>"; };
		998B75FE2661936A00FE4C02 /* User.swift */ = {isa = PBXFileReference; fileEncoding = 4; lastKnownFileType = sourcecode.swift; path = User.swift; sourceTree = "<group>"; };
		998B75FF2661936A00FE4C02 /* Address.swift */ = {isa = PBXFileReference; fileEncoding = 4; lastKnownFileType = sourcecode.swift; path = Address.swift; sourceTree = "<group>"; };
		998B76002661936A00FE4C02 /* Transaction.swift */ = {isa = PBXFileReference; fileEncoding = 4; lastKnownFileType = sourcecode.swift; path = Transaction.swift; sourceTree = "<group>"; };
		998B76012661936A00FE4C02 /* VehicleDescription.swift */ = {isa = PBXFileReference; fileEncoding = 4; lastKnownFileType = sourcecode.swift; path = VehicleDescription.swift; sourceTree = "<group>"; };
		998B76022661936A00FE4C02 /* UpdateUser.swift */ = {isa = PBXFileReference; fileEncoding = 4; lastKnownFileType = sourcecode.swift; path = UpdateUser.swift; sourceTree = "<group>"; };
		998B76032661936A00FE4C02 /* AutoServiceLocation.swift */ = {isa = PBXFileReference; fileEncoding = 4; lastKnownFileType = sourcecode.swift; path = AutoServiceLocation.swift; sourceTree = "<group>"; };
		998B76042661936B00FE4C02 /* TransactionReceipt.swift */ = {isa = PBXFileReference; fileEncoding = 4; lastKnownFileType = sourcecode.swift; path = TransactionReceipt.swift; sourceTree = "<group>"; };
		998B76052661936B00FE4C02 /* ServiceEntity.swift */ = {isa = PBXFileReference; fileEncoding = 4; lastKnownFileType = sourcecode.swift; path = ServiceEntity.swift; sourceTree = "<group>"; };
		998B76062661936B00FE4C02 /* TaxInfo.swift */ = {isa = PBXFileReference; fileEncoding = 4; lastKnownFileType = sourcecode.swift; path = TaxInfo.swift; sourceTree = "<group>"; };
		998B76072661936B00FE4C02 /* Balance.swift */ = {isa = PBXFileReference; fileEncoding = 4; lastKnownFileType = sourcecode.swift; path = Balance.swift; sourceTree = "<group>"; };
		998B76082661936B00FE4C02 /* Amount.swift */ = {isa = PBXFileReference; fileEncoding = 4; lastKnownFileType = sourcecode.swift; path = Amount.swift; sourceTree = "<group>"; };
		998B76092661936B00FE4C02 /* OilChange.swift */ = {isa = PBXFileReference; fileEncoding = 4; lastKnownFileType = sourcecode.swift; path = OilChange.swift; sourceTree = "<group>"; };
		998B7624266193C000FE4C02 /* URLRequestAuthentication.swift */ = {isa = PBXFileReference; fileEncoding = 4; lastKnownFileType = sourcecode.swift; path = URLRequestAuthentication.swift; sourceTree = "<group>"; };
		"CarSwaddleNetworkRequest::CarSwaddleNetworkRequest::Product" /* CarSwaddleNetworkRequest.framework */ = {isa = PBXFileReference; explicitFileType = wrapper.framework; path = CarSwaddleNetworkRequest.framework; sourceTree = BUILT_PRODUCTS_DIR; };
		"CarSwaddleNetworkRequest::CarSwaddleNetworkRequestTests::Product" /* CarSwaddleNetworkRequestTests.xctest */ = {isa = PBXFileReference; lastKnownFileType = file; path = CarSwaddleNetworkRequestTests.xctest; sourceTree = BUILT_PRODUCTS_DIR; };
		OBJ_10 /* Info.plist */ = {isa = PBXFileReference; lastKnownFileType = text.plist.xml; path = Info.plist; sourceTree = "<group>"; };
		OBJ_11 /* BoolExtension.swift */ = {isa = PBXFileReference; lastKnownFileType = sourcecode.swift; path = BoolExtension.swift; sourceTree = "<group>"; };
		OBJ_12 /* GlobalImports.swift */ = {isa = PBXFileReference; lastKnownFileType = sourcecode.swift; path = GlobalImports.swift; sourceTree = "<group>"; };
		OBJ_15 /* NetworkRequestError.swift */ = {isa = PBXFileReference; lastKnownFileType = sourcecode.swift; path = NetworkRequestError.swift; sourceTree = "<group>"; };
		OBJ_18 /* AuthService.swift */ = {isa = PBXFileReference; lastKnownFileType = sourcecode.swift; path = AuthService.swift; sourceTree = "<group>"; };
		OBJ_19 /* AuthorityService.swift */ = {isa = PBXFileReference; lastKnownFileType = sourcecode.swift; path = AuthorityService.swift; sourceTree = "<group>"; };
		OBJ_20 /* AutoServiceService.swift */ = {isa = PBXFileReference; lastKnownFileType = sourcecode.swift; path = AutoServiceService.swift; sourceTree = "<group>"; };
		OBJ_21 /* AvailabilityService.swift */ = {isa = PBXFileReference; lastKnownFileType = sourcecode.swift; path = AvailabilityService.swift; sourceTree = "<group>"; };
		OBJ_22 /* CouponService.swift */ = {isa = PBXFileReference; lastKnownFileType = sourcecode.swift; path = CouponService.swift; sourceTree = "<group>"; };
		OBJ_23 /* FileService.swift */ = {isa = PBXFileReference; lastKnownFileType = sourcecode.swift; path = FileService.swift; sourceTree = "<group>"; };
		OBJ_24 /* MechanicService.swift */ = {isa = PBXFileReference; lastKnownFileType = sourcecode.swift; path = MechanicService.swift; sourceTree = "<group>"; };
		OBJ_25 /* PriceService.swift */ = {isa = PBXFileReference; lastKnownFileType = sourcecode.swift; path = PriceService.swift; sourceTree = "<group>"; };
		OBJ_26 /* RegionService.swift */ = {isa = PBXFileReference; lastKnownFileType = sourcecode.swift; path = RegionService.swift; sourceTree = "<group>"; };
		OBJ_27 /* ReviewService.swift */ = {isa = PBXFileReference; lastKnownFileType = sourcecode.swift; path = ReviewService.swift; sourceTree = "<group>"; };
		OBJ_28 /* Service.swift */ = {isa = PBXFileReference; lastKnownFileType = sourcecode.swift; path = Service.swift; sourceTree = "<group>"; };
		OBJ_29 /* StripeService.swift */ = {isa = PBXFileReference; lastKnownFileType = sourcecode.swift; path = StripeService.swift; sourceTree = "<group>"; };
		OBJ_30 /* TaxService.swift */ = {isa = PBXFileReference; lastKnownFileType = sourcecode.swift; path = TaxService.swift; sourceTree = "<group>"; };
		OBJ_31 /* UserService.swift */ = {isa = PBXFileReference; lastKnownFileType = sourcecode.swift; path = UserService.swift; sourceTree = "<group>"; };
		OBJ_32 /* VehicleService.swift */ = {isa = PBXFileReference; lastKnownFileType = sourcecode.swift; path = VehicleService.swift; sourceTree = "<group>"; };
		OBJ_33 /* TypeAliases.swift */ = {isa = PBXFileReference; lastKnownFileType = sourcecode.swift; path = TypeAliases.swift; sourceTree = "<group>"; };
		OBJ_36 /* Info.plist */ = {isa = PBXFileReference; lastKnownFileType = text.plist.xml; path = Info.plist; sourceTree = "<group>"; };
		OBJ_37 /* AuthorityTests.swift */ = {isa = PBXFileReference; lastKnownFileType = sourcecode.swift; path = AuthorityTests.swift; sourceTree = "<group>"; };
		OBJ_38 /* AutoServiceTests.swift */ = {isa = PBXFileReference; lastKnownFileType = sourcecode.swift; path = AutoServiceTests.swift; sourceTree = "<group>"; };
		OBJ_39 /* AvailabilityTests.swift */ = {isa = PBXFileReference; lastKnownFileType = sourcecode.swift; path = AvailabilityTests.swift; sourceTree = "<group>"; };
		OBJ_40 /* CarSwaddleLoginTestCase.swift */ = {isa = PBXFileReference; lastKnownFileType = sourcecode.swift; path = CarSwaddleLoginTestCase.swift; sourceTree = "<group>"; };
		OBJ_41 /* CouponService.swift */ = {isa = PBXFileReference; lastKnownFileType = sourcecode.swift; path = CouponService.swift; sourceTree = "<group>"; };
		OBJ_42 /* FileServiceTests.swift */ = {isa = PBXFileReference; lastKnownFileType = sourcecode.swift; path = FileServiceTests.swift; sourceTree = "<group>"; };
		OBJ_43 /* LoginTests.swift */ = {isa = PBXFileReference; lastKnownFileType = sourcecode.swift; path = LoginTests.swift; sourceTree = "<group>"; };
		OBJ_44 /* MechanicServiceTests.swift */ = {isa = PBXFileReference; lastKnownFileType = sourcecode.swift; path = MechanicServiceTests.swift; sourceTree = "<group>"; };
		OBJ_45 /* PriceTests.swift */ = {isa = PBXFileReference; lastKnownFileType = sourcecode.swift; path = PriceTests.swift; sourceTree = "<group>"; };
		OBJ_46 /* RegionServiceTests.swift */ = {isa = PBXFileReference; lastKnownFileType = sourcecode.swift; path = RegionServiceTests.swift; sourceTree = "<group>"; };
		OBJ_47 /* ReviewServiceTests.swift */ = {isa = PBXFileReference; lastKnownFileType = sourcecode.swift; path = ReviewServiceTests.swift; sourceTree = "<group>"; };
		OBJ_48 /* StripeServiceTests.swift */ = {isa = PBXFileReference; lastKnownFileType = sourcecode.swift; path = StripeServiceTests.swift; sourceTree = "<group>"; };
		OBJ_49 /* TaxServiceTests.swift */ = {isa = PBXFileReference; lastKnownFileType = sourcecode.swift; path = TaxServiceTests.swift; sourceTree = "<group>"; };
		OBJ_50 /* UserTests.swift */ = {isa = PBXFileReference; lastKnownFileType = sourcecode.swift; path = UserTests.swift; sourceTree = "<group>"; };
		OBJ_51 /* VehicleTests.swift */ = {isa = PBXFileReference; lastKnownFileType = sourcecode.swift; path = VehicleTests.swift; sourceTree = "<group>"; };
		OBJ_55 /* HostApp */ = {isa = PBXFileReference; lastKnownFileType = folder; path = HostApp; sourceTree = SOURCE_ROOT; };
		OBJ_57 /* TestHostApp */ = {isa = PBXFileReference; lastKnownFileType = folder; path = TestHostApp; sourceTree = SOURCE_ROOT; };
		OBJ_6 /* Package.swift */ = {isa = PBXFileReference; explicitFileType = sourcecode.swift; path = Package.swift; sourceTree = "<group>"; };
		OBJ_60 /* README.md */ = {isa = PBXFileReference; lastKnownFileType = net.daringfireball.markdown; path = README.md; sourceTree = "<group>"; };
		OBJ_9 /* CarSwaddleNetworkRequest.h */ = {isa = PBXFileReference; lastKnownFileType = sourcecode.c.h; path = CarSwaddleNetworkRequest.h; sourceTree = "<group>"; };
/* End PBXFileReference section */

/* Begin PBXFrameworksBuildPhase section */
		OBJ_119 /* Frameworks */ = {
			isa = PBXFrameworksBuildPhase;
			buildActionMask = 0;
			files = (
				OBJ_120 /* CarSwaddleNetworkRequest.framework in Frameworks */,
			);
			runOnlyForDeploymentPostprocessing = 0;
		};
		OBJ_87 /* Frameworks */ = {
			isa = PBXFrameworksBuildPhase;
			buildActionMask = 0;
			files = (
				994224CD2514A86000FF40B0 /* Authentication in Frameworks */,
				99B5F76C2514A9ED00DF3F12 /* NetworkRequest in Frameworks */,
			);
			runOnlyForDeploymentPostprocessing = 0;
		};
/* End PBXFrameworksBuildPhase section */

/* Begin PBXGroup section */
		OBJ_13 /* Models */ = {
			isa = PBXGroup;
			children = (
				998B75FF2661936A00FE4C02 /* Address.swift */,
				998B76082661936B00FE4C02 /* Amount.swift */,
				998B75F02661936A00FE4C02 /* AutoService.swift */,
				998B76032661936A00FE4C02 /* AutoServiceLocation.swift */,
				998B76072661936B00FE4C02 /* Balance.swift */,
				998B75F22661936A00FE4C02 /* BankAccount.swift */,
				998B75FC2661936A00FE4C02 /* Mechanic.swift */,
				998B76092661936B00FE4C02 /* OilChange.swift */,
				998B75F92661936A00FE4C02 /* OilChangePricing.swift */,
				998B75F72661936A00FE4C02 /* Payout.swift */,
				998B75F12661936A00FE4C02 /* PayStructure.swift */,
				998B75F32661936A00FE4C02 /* Referrer.swift */,
				998B75FA2661936A00FE4C02 /* Region.swift */,
				998B75FB2661936A00FE4C02 /* Review.swift */,
				998B76052661936B00FE4C02 /* ServiceEntity.swift */,
				998B75F62661936A00FE4C02 /* Stats.swift */,
				998B76062661936B00FE4C02 /* TaxInfo.swift */,
				998B75F52661936A00FE4C02 /* TemplateTimeSpan.swift */,
				998B76002661936A00FE4C02 /* Transaction.swift */,
				998B75F82661936A00FE4C02 /* TransactionMetadata.swift */,
				998B76042661936B00FE4C02 /* TransactionReceipt.swift */,
				998B76022661936A00FE4C02 /* UpdateUser.swift */,
				998B75FE2661936A00FE4C02 /* User.swift */,
				998B75FD2661936A00FE4C02 /* Vehicle.swift */,
				998B76012661936A00FE4C02 /* VehicleDescription.swift */,
				998B75F42661936A00FE4C02 /* Verification.swift */,
			);
			path = Models;
			sourceTree = "<group>";
		};
		OBJ_17 /* Services */ = {
			isa = PBXGroup;
			children = (
				OBJ_18 /* AuthService.swift */,
				OBJ_19 /* AuthorityService.swift */,
				OBJ_20 /* AutoServiceService.swift */,
				OBJ_21 /* AvailabilityService.swift */,
				OBJ_22 /* CouponService.swift */,
				OBJ_23 /* FileService.swift */,
				OBJ_24 /* MechanicService.swift */,
				OBJ_25 /* PriceService.swift */,
				OBJ_26 /* RegionService.swift */,
				OBJ_27 /* ReviewService.swift */,
				OBJ_28 /* Service.swift */,
				OBJ_29 /* StripeService.swift */,
				OBJ_30 /* TaxService.swift */,
				OBJ_31 /* UserService.swift */,
				OBJ_32 /* VehicleService.swift */,
			);
			path = Services;
			sourceTree = "<group>";
		};
		OBJ_34 /* Tests */ = {
			isa = PBXGroup;
			children = (
				OBJ_35 /* CarSwaddleNetworkRequestTests */,
			);
			name = Tests;
			sourceTree = SOURCE_ROOT;
		};
		OBJ_35 /* CarSwaddleNetworkRequestTests */ = {
			isa = PBXGroup;
			children = (
				OBJ_36 /* Info.plist */,
				OBJ_37 /* AuthorityTests.swift */,
				OBJ_38 /* AutoServiceTests.swift */,
				OBJ_39 /* AvailabilityTests.swift */,
				OBJ_40 /* CarSwaddleLoginTestCase.swift */,
				OBJ_41 /* CouponService.swift */,
				OBJ_42 /* FileServiceTests.swift */,
				OBJ_43 /* LoginTests.swift */,
				OBJ_44 /* MechanicServiceTests.swift */,
				OBJ_45 /* PriceTests.swift */,
				OBJ_46 /* RegionServiceTests.swift */,
				OBJ_47 /* ReviewServiceTests.swift */,
				OBJ_48 /* StripeServiceTests.swift */,
				OBJ_49 /* TaxServiceTests.swift */,
				OBJ_50 /* UserTests.swift */,
				OBJ_51 /* VehicleTests.swift */,
			);
			name = CarSwaddleNetworkRequestTests;
			path = Tests/CarSwaddleNetworkRequestTests;
			sourceTree = SOURCE_ROOT;
		};
		OBJ_5 = {
			isa = PBXGroup;
			children = (
				OBJ_6 /* Package.swift */,
				OBJ_7 /* Sources */,
				OBJ_34 /* Tests */,
				OBJ_52 /* Products */,
				OBJ_55 /* HostApp */,
				OBJ_57 /* TestHostApp */,
				OBJ_60 /* README.md */,
			);
			sourceTree = "<group>";
		};
		OBJ_52 /* Products */ = {
			isa = PBXGroup;
			children = (
				"CarSwaddleNetworkRequest::CarSwaddleNetworkRequest::Product" /* CarSwaddleNetworkRequest.framework */,
				"CarSwaddleNetworkRequest::CarSwaddleNetworkRequestTests::Product" /* CarSwaddleNetworkRequestTests.xctest */,
			);
			name = Products;
			sourceTree = BUILT_PRODUCTS_DIR;
		};
		OBJ_7 /* Sources */ = {
			isa = PBXGroup;
			children = (
				OBJ_8 /* CarSwaddleNetworkRequest */,
			);
			name = Sources;
			sourceTree = SOURCE_ROOT;
		};
		OBJ_8 /* CarSwaddleNetworkRequest */ = {
			isa = PBXGroup;
			children = (
				998B7624266193C000FE4C02 /* URLRequestAuthentication.swift */,
				OBJ_9 /* CarSwaddleNetworkRequest.h */,
				OBJ_10 /* Info.plist */,
				OBJ_11 /* BoolExtension.swift */,
				OBJ_12 /* GlobalImports.swift */,
				OBJ_13 /* Models */,
				OBJ_15 /* NetworkRequestError.swift */,
				OBJ_17 /* Services */,
				OBJ_33 /* TypeAliases.swift */,
			);
			name = CarSwaddleNetworkRequest;
			path = Sources/CarSwaddleNetworkRequest;
			sourceTree = SOURCE_ROOT;
		};
/* End PBXGroup section */

/* Begin PBXNativeTarget section */
		"CarSwaddleNetworkRequest::CarSwaddleNetworkRequest" /* CarSwaddleNetworkRequest */ = {
			isa = PBXNativeTarget;
			buildConfigurationList = OBJ_62 /* Build configuration list for PBXNativeTarget "CarSwaddleNetworkRequest" */;
			buildPhases = (
				OBJ_65 /* Sources */,
				OBJ_87 /* Frameworks */,
			);
			buildRules = (
			);
			dependencies = (
			);
			name = CarSwaddleNetworkRequest;
			packageProductDependencies = (
				994224CC2514A86000FF40B0 /* Authentication */,
				99B5F76B2514A9ED00DF3F12 /* NetworkRequest */,
			);
			productName = CarSwaddleNetworkRequest;
			productReference = "CarSwaddleNetworkRequest::CarSwaddleNetworkRequest::Product" /* CarSwaddleNetworkRequest.framework */;
			productType = "com.apple.product-type.framework";
		};
		"CarSwaddleNetworkRequest::CarSwaddleNetworkRequestTests" /* CarSwaddleNetworkRequestTests */ = {
			isa = PBXNativeTarget;
			buildConfigurationList = OBJ_100 /* Build configuration list for PBXNativeTarget "CarSwaddleNetworkRequestTests" */;
			buildPhases = (
				OBJ_103 /* Sources */,
				OBJ_119 /* Frameworks */,
			);
			buildRules = (
			);
			dependencies = (
				OBJ_121 /* PBXTargetDependency */,
			);
			name = CarSwaddleNetworkRequestTests;
			productName = CarSwaddleNetworkRequestTests;
			productReference = "CarSwaddleNetworkRequest::CarSwaddleNetworkRequestTests::Product" /* CarSwaddleNetworkRequestTests.xctest */;
			productType = "com.apple.product-type.bundle.unit-test";
		};
/* End PBXNativeTarget section */

/* Begin PBXProject section */
		OBJ_1 /* Project object */ = {
			isa = PBXProject;
			attributes = {
				LastSwiftMigration = 9999;
				LastUpgradeCheck = 9999;
			};
			buildConfigurationList = OBJ_2 /* Build configuration list for PBXProject "CarSwaddleNetworkRequest" */;
			compatibilityVersion = "Xcode 3.2";
			developmentRegion = en;
			hasScannedForEncodings = 0;
			knownRegions = (
				en,
			);
			mainGroup = OBJ_5;
			packageReferences = (
				994224CB2514A86000FF40B0 /* XCRemoteSwiftPackageReference "Authentication" */,
				99B5F76A2514A9ED00DF3F12 /* XCRemoteSwiftPackageReference "NetworkRequest" */,
			);
			productRefGroup = OBJ_52 /* Products */;
			projectDirPath = "";
			projectRoot = "";
			targets = (
				"CarSwaddleNetworkRequest::CarSwaddleNetworkRequest" /* CarSwaddleNetworkRequest */,
				"CarSwaddleNetworkRequest::CarSwaddleNetworkRequestTests" /* CarSwaddleNetworkRequestTests */,
			);
		};
/* End PBXProject section */

/* Begin PBXSourcesBuildPhase section */
		OBJ_103 /* Sources */ = {
			isa = PBXSourcesBuildPhase;
			buildActionMask = 0;
			files = (
				OBJ_104 /* AuthorityTests.swift in Sources */,
				OBJ_105 /* AutoServiceTests.swift in Sources */,
				OBJ_106 /* AvailabilityTests.swift in Sources */,
				OBJ_107 /* CarSwaddleLoginTestCase.swift in Sources */,
				OBJ_108 /* CouponService.swift in Sources */,
				OBJ_109 /* FileServiceTests.swift in Sources */,
				OBJ_110 /* LoginTests.swift in Sources */,
				OBJ_111 /* MechanicServiceTests.swift in Sources */,
				OBJ_112 /* PriceTests.swift in Sources */,
				OBJ_113 /* RegionServiceTests.swift in Sources */,
				OBJ_114 /* ReviewServiceTests.swift in Sources */,
				OBJ_115 /* StripeServiceTests.swift in Sources */,
				OBJ_116 /* TaxServiceTests.swift in Sources */,
				OBJ_117 /* UserTests.swift in Sources */,
				OBJ_118 /* VehicleTests.swift in Sources */,
			);
			runOnlyForDeploymentPostprocessing = 0;
		};
		OBJ_65 /* Sources */ = {
			isa = PBXSourcesBuildPhase;
			buildActionMask = 0;
			files = (
				OBJ_66 /* BoolExtension.swift in Sources */,
				998B7625266193C000FE4C02 /* URLRequestAuthentication.swift in Sources */,
				OBJ_67 /* GlobalImports.swift in Sources */,
				998B76142661936B00FE4C02 /* Region.swift in Sources */,
				998B76202661936B00FE4C02 /* TaxInfo.swift in Sources */,
				OBJ_69 /* NetworkRequestError.swift in Sources */,
				OBJ_71 /* AuthService.swift in Sources */,
				998B760E2661936B00FE4C02 /* Verification.swift in Sources */,
				998B761A2661936B00FE4C02 /* Transaction.swift in Sources */,
				998B760A2661936B00FE4C02 /* AutoService.swift in Sources */,
				998B760D2661936B00FE4C02 /* Referrer.swift in Sources */,
				OBJ_72 /* AuthorityService.swift in Sources */,
				OBJ_73 /* AutoServiceService.swift in Sources */,
				OBJ_74 /* AvailabilityService.swift in Sources */,
				998B761C2661936B00FE4C02 /* UpdateUser.swift in Sources */,
				998B76132661936B00FE4C02 /* OilChangePricing.swift in Sources */,
				998B76182661936B00FE4C02 /* User.swift in Sources */,
				OBJ_75 /* CouponService.swift in Sources */,
				998B76212661936B00FE4C02 /* Balance.swift in Sources */,
				OBJ_76 /* FileService.swift in Sources */,
				998B76222661936B00FE4C02 /* Amount.swift in Sources */,
				998B761B2661936B00FE4C02 /* VehicleDescription.swift in Sources */,
				OBJ_77 /* MechanicService.swift in Sources */,
				998B760B2661936B00FE4C02 /* PayStructure.swift in Sources */,
				998B76192661936B00FE4C02 /* Address.swift in Sources */,
				998B76162661936B00FE4C02 /* Mechanic.swift in Sources */,
				998B761D2661936B00FE4C02 /* AutoServiceLocation.swift in Sources */,
				OBJ_78 /* PriceService.swift in Sources */,
				OBJ_79 /* RegionService.swift in Sources */,
				OBJ_80 /* ReviewService.swift in Sources */,
				998B760F2661936B00FE4C02 /* TemplateTimeSpan.swift in Sources */,
				998B76122661936B00FE4C02 /* TransactionMetadata.swift in Sources */,
				998B76102661936B00FE4C02 /* Stats.swift in Sources */,
				998B76172661936B00FE4C02 /* Vehicle.swift in Sources */,
				OBJ_81 /* Service.swift in Sources */,
				OBJ_82 /* StripeService.swift in Sources */,
				998B76232661936B00FE4C02 /* OilChange.swift in Sources */,
				998B76152661936B00FE4C02 /* Review.swift in Sources */,
				OBJ_83 /* TaxService.swift in Sources */,
				998B761E2661936B00FE4C02 /* TransactionReceipt.swift in Sources */,
				998B761F2661936B00FE4C02 /* ServiceEntity.swift in Sources */,
				OBJ_84 /* UserService.swift in Sources */,
				OBJ_85 /* VehicleService.swift in Sources */,
				998B76112661936B00FE4C02 /* Payout.swift in Sources */,
				998B760C2661936B00FE4C02 /* BankAccount.swift in Sources */,
				OBJ_86 /* TypeAliases.swift in Sources */,
			);
			runOnlyForDeploymentPostprocessing = 0;
		};
/* End PBXSourcesBuildPhase section */

/* Begin PBXTargetDependency section */
		OBJ_121 /* PBXTargetDependency */ = {
			isa = PBXTargetDependency;
			target = "CarSwaddleNetworkRequest::CarSwaddleNetworkRequest" /* CarSwaddleNetworkRequest */;
			targetProxy = 994224C22514A7E700FF40B0 /* PBXContainerItemProxy */;
		};
/* End PBXTargetDependency section */

/* Begin XCBuildConfiguration section */
		OBJ_101 /* Debug */ = {
			isa = XCBuildConfiguration;
			buildSettings = {
				CLANG_ENABLE_MODULES = YES;
				EMBEDDED_CONTENT_CONTAINS_SWIFT = YES;
				FRAMEWORK_SEARCH_PATHS = (
					"$(inherited)",
					"$(PLATFORM_DIR)/Developer/Library/Frameworks",
				);
				HEADER_SEARCH_PATHS = "$(inherited)";
				INFOPLIST_FILE = CarSwaddleNetworkRequest.xcodeproj/CarSwaddleNetworkRequestTests_Info.plist;
				IPHONEOS_DEPLOYMENT_TARGET = 14.0;
				LD_RUNPATH_SEARCH_PATHS = (
					"$(inherited)",
					"@loader_path/../Frameworks",
					"@loader_path/Frameworks",
				);
				MACOSX_DEPLOYMENT_TARGET = 10.15;
				OTHER_CFLAGS = "$(inherited)";
				OTHER_LDFLAGS = "$(inherited)";
				OTHER_SWIFT_FLAGS = "$(inherited)";
				SWIFT_ACTIVE_COMPILATION_CONDITIONS = "$(inherited)";
				SWIFT_VERSION = 5.0;
				TARGET_NAME = CarSwaddleNetworkRequestTests;
				TVOS_DEPLOYMENT_TARGET = 9.0;
				WATCHOS_DEPLOYMENT_TARGET = 2.0;
			};
			name = Debug;
		};
		OBJ_102 /* Release */ = {
			isa = XCBuildConfiguration;
			buildSettings = {
				CLANG_ENABLE_MODULES = YES;
				EMBEDDED_CONTENT_CONTAINS_SWIFT = YES;
				FRAMEWORK_SEARCH_PATHS = (
					"$(inherited)",
					"$(PLATFORM_DIR)/Developer/Library/Frameworks",
				);
				HEADER_SEARCH_PATHS = "$(inherited)";
				INFOPLIST_FILE = CarSwaddleNetworkRequest.xcodeproj/CarSwaddleNetworkRequestTests_Info.plist;
				IPHONEOS_DEPLOYMENT_TARGET = 14.0;
				LD_RUNPATH_SEARCH_PATHS = (
					"$(inherited)",
					"@loader_path/../Frameworks",
					"@loader_path/Frameworks",
				);
				MACOSX_DEPLOYMENT_TARGET = 10.15;
				OTHER_CFLAGS = "$(inherited)";
				OTHER_LDFLAGS = "$(inherited)";
				OTHER_SWIFT_FLAGS = "$(inherited)";
				SWIFT_ACTIVE_COMPILATION_CONDITIONS = "$(inherited)";
				SWIFT_VERSION = 5.0;
				TARGET_NAME = CarSwaddleNetworkRequestTests;
				TVOS_DEPLOYMENT_TARGET = 9.0;
				WATCHOS_DEPLOYMENT_TARGET = 2.0;
			};
			name = Release;
		};
		OBJ_3 /* Debug */ = {
			isa = XCBuildConfiguration;
			buildSettings = {
				CLANG_ENABLE_OBJC_ARC = YES;
				COMBINE_HIDPI_IMAGES = YES;
				COPY_PHASE_STRIP = NO;
				DEBUG_INFORMATION_FORMAT = dwarf;
				DYLIB_INSTALL_NAME_BASE = "@rpath";
				ENABLE_NS_ASSERTIONS = YES;
				GCC_OPTIMIZATION_LEVEL = 0;
				GCC_PREPROCESSOR_DEFINITIONS = (
					"$(inherited)",
					"SWIFT_PACKAGE=1",
					"DEBUG=1",
				);
				MACOSX_DEPLOYMENT_TARGET = 10.10;
				ONLY_ACTIVE_ARCH = YES;
				OTHER_SWIFT_FLAGS = "$(inherited) -DXcode";
				PRODUCT_NAME = "$(TARGET_NAME)";
				SDKROOT = macosx;
				SUPPORTED_PLATFORMS = "macosx iphoneos iphonesimulator appletvos appletvsimulator watchos watchsimulator";
				SWIFT_ACTIVE_COMPILATION_CONDITIONS = "$(inherited) SWIFT_PACKAGE DEBUG";
				SWIFT_OPTIMIZATION_LEVEL = "-Onone";
				USE_HEADERMAP = NO;
			};
			name = Debug;
		};
		OBJ_4 /* Release */ = {
			isa = XCBuildConfiguration;
			buildSettings = {
				CLANG_ENABLE_OBJC_ARC = YES;
				COMBINE_HIDPI_IMAGES = YES;
				COPY_PHASE_STRIP = YES;
				DEBUG_INFORMATION_FORMAT = "dwarf-with-dsym";
				DYLIB_INSTALL_NAME_BASE = "@rpath";
				GCC_OPTIMIZATION_LEVEL = s;
				GCC_PREPROCESSOR_DEFINITIONS = (
					"$(inherited)",
					"SWIFT_PACKAGE=1",
				);
				MACOSX_DEPLOYMENT_TARGET = 10.10;
				OTHER_SWIFT_FLAGS = "$(inherited) -DXcode";
				PRODUCT_NAME = "$(TARGET_NAME)";
				SDKROOT = macosx;
				SUPPORTED_PLATFORMS = "macosx iphoneos iphonesimulator appletvos appletvsimulator watchos watchsimulator";
				SWIFT_ACTIVE_COMPILATION_CONDITIONS = "$(inherited) SWIFT_PACKAGE";
				SWIFT_COMPILATION_MODE = wholemodule;
				SWIFT_OPTIMIZATION_LEVEL = "-O";
				USE_HEADERMAP = NO;
			};
			name = Release;
		};
		OBJ_63 /* Debug */ = {
			isa = XCBuildConfiguration;
			buildSettings = {
				ENABLE_TESTABILITY = YES;
				FRAMEWORK_SEARCH_PATHS = (
					"$(inherited)",
					"$(PLATFORM_DIR)/Developer/Library/Frameworks",
				);
				HEADER_SEARCH_PATHS = "$(inherited)";
				INFOPLIST_FILE = CarSwaddleNetworkRequest.xcodeproj/CarSwaddleNetworkRequest_Info.plist;
				IPHONEOS_DEPLOYMENT_TARGET = 13.0;
				LD_RUNPATH_SEARCH_PATHS = (
					"$(inherited)",
					"$(TOOLCHAIN_DIR)/usr/lib/swift/macosx",
				);
				MACOSX_DEPLOYMENT_TARGET = 13.0;
				OTHER_CFLAGS = "$(inherited)";
				OTHER_LDFLAGS = "$(inherited)";
				OTHER_SWIFT_FLAGS = "$(inherited)";
				PRODUCT_BUNDLE_IDENTIFIER = CarSwaddleNetworkRequest;
				PRODUCT_MODULE_NAME = "$(TARGET_NAME:c99extidentifier)";
				PRODUCT_NAME = "$(TARGET_NAME:c99extidentifier)";
				SKIP_INSTALL = YES;
				SWIFT_ACTIVE_COMPILATION_CONDITIONS = "$(inherited)";
				SWIFT_VERSION = 5.0;
				TARGET_NAME = CarSwaddleNetworkRequest;
				TVOS_DEPLOYMENT_TARGET = 9.0;
				WATCHOS_DEPLOYMENT_TARGET = 2.0;
			};
			name = Debug;
		};
		OBJ_64 /* Release */ = {
			isa = XCBuildConfiguration;
			buildSettings = {
				ENABLE_TESTABILITY = YES;
				FRAMEWORK_SEARCH_PATHS = (
					"$(inherited)",
					"$(PLATFORM_DIR)/Developer/Library/Frameworks",
				);
				HEADER_SEARCH_PATHS = "$(inherited)";
				INFOPLIST_FILE = CarSwaddleNetworkRequest.xcodeproj/CarSwaddleNetworkRequest_Info.plist;
				IPHONEOS_DEPLOYMENT_TARGET = 13.0;
				LD_RUNPATH_SEARCH_PATHS = (
					"$(inherited)",
					"$(TOOLCHAIN_DIR)/usr/lib/swift/macosx",
				);
				MACOSX_DEPLOYMENT_TARGET = 13.0;
				OTHER_CFLAGS = "$(inherited)";
				OTHER_LDFLAGS = "$(inherited)";
				OTHER_SWIFT_FLAGS = "$(inherited)";
				PRODUCT_BUNDLE_IDENTIFIER = CarSwaddleNetworkRequest;
				PRODUCT_MODULE_NAME = "$(TARGET_NAME:c99extidentifier)";
				PRODUCT_NAME = "$(TARGET_NAME:c99extidentifier)";
				SKIP_INSTALL = YES;
				SWIFT_ACTIVE_COMPILATION_CONDITIONS = "$(inherited)";
				SWIFT_VERSION = 5.0;
				TARGET_NAME = CarSwaddleNetworkRequest;
				TVOS_DEPLOYMENT_TARGET = 9.0;
				WATCHOS_DEPLOYMENT_TARGET = 2.0;
			};
			name = Release;
		};
/* End XCBuildConfiguration section */

/* Begin XCConfigurationList section */
		OBJ_100 /* Build configuration list for PBXNativeTarget "CarSwaddleNetworkRequestTests" */ = {
			isa = XCConfigurationList;
			buildConfigurations = (
				OBJ_101 /* Debug */,
				OBJ_102 /* Release */,
			);
			defaultConfigurationIsVisible = 0;
			defaultConfigurationName = Release;
		};
		OBJ_2 /* Build configuration list for PBXProject "CarSwaddleNetworkRequest" */ = {
			isa = XCConfigurationList;
			buildConfigurations = (
				OBJ_3 /* Debug */,
				OBJ_4 /* Release */,
			);
			defaultConfigurationIsVisible = 0;
			defaultConfigurationName = Release;
		};
		OBJ_62 /* Build configuration list for PBXNativeTarget "CarSwaddleNetworkRequest" */ = {
			isa = XCConfigurationList;
			buildConfigurations = (
				OBJ_63 /* Debug */,
				OBJ_64 /* Release */,
			);
			defaultConfigurationIsVisible = 0;
			defaultConfigurationName = Release;
		};
/* End XCConfigurationList section */

/* Begin XCRemoteSwiftPackageReference section */
		994224CB2514A86000FF40B0 /* XCRemoteSwiftPackageReference "Authentication" */ = {
			isa = XCRemoteSwiftPackageReference;
			repositoryURL = "https://github.com/Car-Swaddle/Authentication.git";
			requirement = {
				kind = upToNextMajorVersion;
				minimumVersion = 2.0.0;
			};
		};
		99B5F76A2514A9ED00DF3F12 /* XCRemoteSwiftPackageReference "NetworkRequest" */ = {
			isa = XCRemoteSwiftPackageReference;
			repositoryURL = "https://github.com/Car-Swaddle/NetworkRequest.git";
			requirement = {
				kind = upToNextMajorVersion;
				minimumVersion = 2.0.0;
			};
		};
/* End XCRemoteSwiftPackageReference section */

/* Begin XCSwiftPackageProductDependency section */
		994224CC2514A86000FF40B0 /* Authentication */ = {
			isa = XCSwiftPackageProductDependency;
			package = 994224CB2514A86000FF40B0 /* XCRemoteSwiftPackageReference "Authentication" */;
			productName = Authentication;
		};
		99B5F76B2514A9ED00DF3F12 /* NetworkRequest */ = {
			isa = XCSwiftPackageProductDependency;
			package = 99B5F76A2514A9ED00DF3F12 /* XCRemoteSwiftPackageReference "NetworkRequest" */;
			productName = NetworkRequest;
		};
/* End XCSwiftPackageProductDependency section */
	};
	rootObject = OBJ_1 /* Project object */;
}
